
Microsoft Visual Studio Solution File, Format Version 12.00
# Visual Studio 14
VisualStudioVersion = 14.0.24720.0
MinimumVisualStudioVersion = 10.0.40219.1
Project("{8BC9CEB8-8B4A-11D0-8D11-00A0C91BC942}") = "1", "1\1.vcxproj", "{60B3C09D-001E-46C7-ABD5-298353A2DD30}"
EndProject
Project("{8BC9CEB8-8B4A-11D0-8D11-00A0C91BC942}") = "2", "2\2.vcxproj", "{6C9D280A-7E3F-4EFF-A9F0-9B205E05F43D}"
EndProject
Project("{8BC9CEB8-8B4A-11D0-8D11-00A0C91BC942}") = "3", "3\3.vcxproj", "{4D8FA1CF-E11A-4629-A215-D572507753B3}"
EndProject
Project("{8BC9CEB8-8B4A-11D0-8D11-00A0C91BC942}") = "4", "4\4.vcxproj", "{6321EC86-4A69-4C92-99BF-69A867CE31CD}"
EndProject
Project("{8BC9CEB8-8B4A-11D0-8D11-00A0C91BC942}") = "5", "5\5.vcxproj", "{46BFA8EC-5C4C-4C1B-A6D2-08121CA49E56}"
EndProject
Project("{8BC9CEB8-8B4A-11D0-8D11-00A0C91BC942}") = "6", "6\6.vcxproj", "{2C72AD22-2F26-4DA6-935A-09114A14DE24}"
EndProject
Project("{8BC9CEB8-8B4A-11D0-8D11-00A0C91BC942}") = "8", "8\8.vcxproj", "{FE220007-D3DE-493E-B8CB-5AEF424F35BA}"
EndProject
Project("{8BC9CEB8-8B4A-11D0-8D11-00A0C91BC942}") = "7", "7\7.vcxproj", "{248E6480-AFF8-4A6F-A961-445DC3A06657}"
EndProject
Global
	GlobalSection(SolutionConfigurationPlatforms) = preSolution
		Debug|x64 = Debug|x64
		Debug|x86 = Debug|x86
		Release|x64 = Release|x64
		Release|x86 = Release|x86
	EndGlobalSection
	GlobalSection(ProjectConfigurationPlatforms) = postSolution
		{60B3C09D-001E-46C7-ABD5-298353A2DD30}.Debug|x64.ActiveCfg = Debug|x64
		{60B3C09D-001E-46C7-ABD5-298353A2DD30}.Debug|x64.Build.0 = Debug|x64
		{60B3C09D-001E-46C7-ABD5-298353A2DD30}.Debug|x86.ActiveCfg = Debug|Win32
		{60B3C09D-001E-46C7-ABD5-298353A2DD30}.Debug|x86.Build.0 = Debug|Win32
		{60B3C09D-001E-46C7-ABD5-298353A2DD30}.Release|x64.ActiveCfg = Release|x64
		{60B3C09D-001E-46C7-ABD5-298353A2DD30}.Release|x64.Build.0 = Release|x64
		{60B3C09D-001E-46C7-ABD5-298353A2DD30}.Release|x86.ActiveCfg = Release|Win32
		{60B3C09D-001E-46C7-ABD5-298353A2DD30}.Release|x86.Build.0 = Release|Win32
		{6C9D280A-7E3F-4EFF-A9F0-9B205E05F43D}.Debug|x64.ActiveCfg = Debug|x64
		{6C9D280A-7E3F-4EFF-A9F0-9B205E05F43D}.Debug|x64.Build.0 = Debug|x64
		{6C9D280A-7E3F-4EFF-A9F0-9B205E05F43D}.Debug|x86.ActiveCfg = Debug|Win32
		{6C9D280A-7E3F-4EFF-A9F0-9B205E05F43D}.Debug|x86.Build.0 = Debug|Win32
		{6C9D280A-7E3F-4EFF-A9F0-9B205E05F43D}.Release|x64.ActiveCfg = Release|x64
		{6C9D280A-7E3F-4EFF-A9F0-9B205E05F43D}.Release|x64.Build.0 = Release|x64
		{6C9D280A-7E3F-4EFF-A9F0-9B205E05F43D}.Release|x86.ActiveCfg = Release|Win32
		{6C9D280A-7E3F-4EFF-A9F0-9B205E05F43D}.Release|x86.Build.0 = Release|Win32
		{4D8FA1CF-E11A-4629-A215-D572507753B3}.Debug|x64.ActiveCfg = Debug|x64
		{4D8FA1CF-E11A-4629-A215-D572507753B3}.Debug|x64.Build.0 = Debug|x64
		{4D8FA1CF-E11A-4629-A215-D572507753B3}.Debug|x86.ActiveCfg = Debug|Win32
		{4D8FA1CF-E11A-4629-A215-D572507753B3}.Debug|x86.Build.0 = Debug|Win32
		{4D8FA1CF-E11A-4629-A215-D572507753B3}.Release|x64.ActiveCfg = Release|x64
		{4D8FA1CF-E11A-4629-A215-D572507753B3}.Release|x64.Build.0 = Release|x64
		{4D8FA1CF-E11A-4629-A215-D572507753B3}.Release|x86.ActiveCfg = Release|Win32
		{4D8FA1CF-E11A-4629-A215-D572507753B3}.Release|x86.Build.0 = Release|Win32
		{6321EC86-4A69-4C92-99BF-69A867CE31CD}.Debug|x64.ActiveCfg = Debug|x64
		{6321EC86-4A69-4C92-99BF-69A867CE31CD}.Debug|x64.Build.0 = Debug|x64
		{6321EC86-4A69-4C92-99BF-69A867CE31CD}.Debug|x86.ActiveCfg = Debug|Win32
		{6321EC86-4A69-4C92-99BF-69A867CE31CD}.Debug|x86.Build.0 = Debug|Win32
		{6321EC86-4A69-4C92-99BF-69A867CE31CD}.Release|x64.ActiveCfg = Release|x64
		{6321EC86-4A69-4C92-99BF-69A867CE31CD}.Release|x64.Build.0 = Release|x64
		{6321EC86-4A69-4C92-99BF-69A867CE31CD}.Release|x86.ActiveCfg = Release|Win32
		{6321EC86-4A69-4C92-99BF-69A867CE31CD}.Release|x86.Build.0 = Release|Win32
		{46BFA8EC-5C4C-4C1B-A6D2-08121CA49E56}.Debug|x64.ActiveCfg = Debug|x64
		{46BFA8EC-5C4C-4C1B-A6D2-08121CA49E56}.Debug|x64.Build.0 = Debug|x64
		{46BFA8EC-5C4C-4C1B-A6D2-08121CA49E56}.Debug|x86.ActiveCfg = Debug|Win32
		{46BFA8EC-5C4C-4C1B-A6D2-08121CA49E56}.Debug|x86.Build.0 = Debug|Win32
		{46BFA8EC-5C4C-4C1B-A6D2-08121CA49E56}.Release|x64.ActiveCfg = Release|x64
		{46BFA8EC-5C4C-4C1B-A6D2-08121CA49E56}.Release|x64.Build.0 = Release|x64
		{46BFA8EC-5C4C-4C1B-A6D2-08121CA49E56}.Release|x86.ActiveCfg = Release|Win32
		{46BFA8EC-5C4C-4C1B-A6D2-08121CA49E56}.Release|x86.Build.0 = Release|Win32
		{2C72AD22-2F26-4DA6-935A-09114A14DE24}.Debug|x64.ActiveCfg = Debug|x64
		{2C72AD22-2F26-4DA6-935A-09114A14DE24}.Debug|x64.Build.0 = Debug|x64
		{2C72AD22-2F26-4DA6-935A-09114A14DE24}.Debug|x86.ActiveCfg = Debug|Win32
		{2C72AD22-2F26-4DA6-935A-09114A14DE24}.Debug|x86.Build.0 = Debug|Win32
		{2C72AD22-2F26-4DA6-935A-09114A14DE24}.Release|x64.ActiveCfg = Release|x64
		{2C72AD22-2F26-4DA6-935A-09114A14DE24}.Release|x64.Build.0 = Release|x64
		{2C72AD22-2F26-4DA6-935A-09114A14DE24}.Release|x86.ActiveCfg = Release|Win32
		{2C72AD22-2F26-4DA6-935A-09114A14DE24}.Release|x86.Build.0 = Release|Win32
		{FE220007-D3DE-493E-B8CB-5AEF424F35BA}.Debug|x64.ActiveCfg = Debug|x64
		{FE220007-D3DE-493E-B8CB-5AEF424F35BA}.Debug|x64.Build.0 = Debug|x64
		{FE220007-D3DE-493E-B8CB-5AEF424F35BA}.Debug|x86.ActiveCfg = Debug|Win32
		{FE220007-D3DE-493E-B8CB-5AEF424F35BA}.Debug|x86.Build.0 = Debug|Win32
		{FE220007-D3DE-493E-B8CB-5AEF424F35BA}.Release|x64.ActiveCfg = Release|x64
		{FE220007-D3DE-493E-B8CB-5AEF424F35BA}.Release|x64.Build.0 = Release|x64
		{FE220007-D3DE-493E-B8CB-5AEF424F35BA}.Release|x86.ActiveCfg = Release|Win32
		{FE220007-D3DE-493E-B8CB-5AEF424F35BA}.Release|x86.Build.0 = Release|Win32
		{248E6480-AFF8-4A6F-A961-445DC3A06657}.Debug|x64.ActiveCfg = Debug|x64
		{248E6480-AFF8-4A6F-A961-445DC3A06657}.Debug|x64.Build.0 = Debug|x64
		{248E6480-AFF8-4A6F-A961-445DC3A06657}.Debug|x86.ActiveCfg = Debug|Win32
		{248E6480-AFF8-4A6F-A961-445DC3A06657}.Debug|x86.Build.0 = Debug|Win32
		{248E6480-AFF8-4A6F-A961-445DC3A06657}.Release|x64.ActiveCfg = Release|x64
		{248E6480-AFF8-4A6F-A961-445DC3A06657}.Release|x64.Build.0 = Release|x64
		{248E6480-AFF8-4A6F-A961-445DC3A06657}.Release|x86.ActiveCfg = Release|Win32
		{248E6480-AFF8-4A6F-A961-445DC3A06657}.Release|x86.Build.0 = Release|Win32
	EndGlobalSection
	GlobalSection(SolutionProperties) = preSolution
		HideSolutionNode = FALSE
	EndGlobalSection
EndGlobal
